
Microsoft Visual Studio Solution File, Format Version 12.00
# Visual Studio Version 16
VisualStudioVersion = 16.0.30517.126
MinimumVisualStudioVersion = 10.0.40219.1
Project("{FAE04EC0-301F-11D3-BF4B-00C04F79EFBC}") = "Singleton", "Singleton\Singleton.csproj", "{8BFDE808-7AB4-4983-9CD1-031EBE2E20BA}"
EndProject
Global
	GlobalSection(SolutionConfigurationPlatforms) = preSolution
		Debug|Any CPU = Debug|Any CPU
		Release|Any CPU = Release|Any CPU
	EndGlobalSection
	GlobalSection(ProjectConfigurationPlatforms) = postSolution
		{8BFDE808-7AB4-4983-9CD1-031EBE2E20BA}.Debug|Any CPU.ActiveCfg = Debug|Any CPU
		{8BFDE808-7AB4-4983-9CD1-031EBE2E20BA}.Debug|Any CPU.Build.0 = Debug|Any CPU
		{8BFDE808-7AB4-4983-9CD1-031EBE2E20BA}.Release|Any CPU.ActiveCfg = Release|Any CPU
		{8BFDE808-7AB4-4983-9CD1-031EBE2E20BA}.Release|Any CPU.Build.0 = Release|Any CPU
	EndGlobalSection
	GlobalSection(SolutionProperties) = preSolution
		HideSolutionNode = FALSE
	EndGlobalSection
	GlobalSection(ExtensibilityGlobals) = postSolution
		SolutionGuid = {7108AB03-78EA-4A9A-AAB9-965E1E316579}
	EndGlobalSection
EndGlobal
