
Microsoft Visual Studio Solution File, Format Version 12.00
# Visual Studio Version 16
VisualStudioVersion = 16.0.30517.126
MinimumVisualStudioVersion = 10.0.40219.1
Project("{9A19103F-16F7-4668-BE54-9A1E7A4F7556}") = "Patrón_Factoría", "Patrón_Factoría.csproj", "{C1723981-0072-4649-B5F9-82E630A9D27C}"
EndProject
Global
	GlobalSection(SolutionConfigurationPlatforms) = preSolution
		Debug|Any CPU = Debug|Any CPU
		Release|Any CPU = Release|Any CPU
	EndGlobalSection
	GlobalSection(ProjectConfigurationPlatforms) = postSolution
		{C1723981-0072-4649-B5F9-82E630A9D27C}.Debug|Any CPU.ActiveCfg = Debug|Any CPU
		{C1723981-0072-4649-B5F9-82E630A9D27C}.Debug|Any CPU.Build.0 = Debug|Any CPU
		{C1723981-0072-4649-B5F9-82E630A9D27C}.Release|Any CPU.ActiveCfg = Release|Any CPU
		{C1723981-0072-4649-B5F9-82E630A9D27C}.Release|Any CPU.Build.0 = Release|Any CPU
	EndGlobalSection
	GlobalSection(SolutionProperties) = preSolution
		HideSolutionNode = FALSE
	EndGlobalSection
	GlobalSection(ExtensibilityGlobals) = postSolution
		SolutionGuid = {78928C81-30AC-4688-9DED-86B2532FEA90}
	EndGlobalSection
EndGlobal
